{
  "object": {
    "pins": [
      {
        "package": "ZendeskCommonUISDK",
        "repositoryURL": "https://github.com/RBNA/commonui_sdk_ios",
        "state": {
          "branch": "master",
          "revision": "ff096a43ac22b7c65d03c115b2c1bc8fd11f234d",
          "version": null
        }
      },
      {
        "package": "ZendeskCoreSDK",
        "repositoryURL": "https://github.com/zendesk/core_sdk_ios",
        "state": {
          "branch": null,
          "revision": "6add05d17a9cbba32b69863c1df9c3a2149fa138",
          "version": "2.6.0"
        }
      },
      {
        "package": "ZendeskMessagingSDK",
        "repositoryURL": "https://github.com/RBNA/messaging_sdk_ios",
        "state": {
          "branch": "master",
          "revision": "61efdad8f51432ad6ca9605ba40d4dd9d217eb52",
          "version": null
        }
      },
      {
        "package": "ZendeskMessagingAPISDK",
        "repositoryURL": "https://github.com/RBNA/messagingapi_sdk_ios",
        "state": {
          "branch": "master",
          "revision": "c3c925881a2efb1c1c3202921435d73d8487c536",
          "version": null
        }
      },
      {
        "package": "ZendeskSDKConfigurationsSDK",
        "repositoryURL": "https://github.com/RBNA/sdkconfigurations_sdk_ios",
        "state": {
          "branch": "master",
          "revision": "c7f723f846bdc14624659bee7589713d07e8059e",
          "version": null
        }
      },
      {
        "package": "ZendeskSupportProvidersSDK",
        "repositoryURL": "https://github.com/RBNA/support_providers_sdk_ios",
        "state": {
          "branch": "master",
          "revision": "4901cab40fe46af1aa76593b62f199e434a718e3",
          "version": null
        }
      }
    ]
  },
  "version": 1
}
